
Microsoft Visual Studio Solution File, Format Version 12.00
# Visual Studio Version 17
VisualStudioVersion = 17.8.34511.84
MinimumVisualStudioVersion = 10.0.40219.1
Project("{FAE04EC0-301F-11D3-BF4B-00C04F79EFBC}") = "lab2", "lab2\lab2.csproj", "{B563E38D-61B7-456E-B8A5-C0640FED635A}"
EndProject
Global
	GlobalSection(SolutionConfigurationPlatforms) = preSolution
		Debug|Any CPU = Debug|Any CPU
		Release|Any CPU = Release|Any CPU
	EndGlobalSection
	GlobalSection(ProjectConfigurationPlatforms) = postSolution
		{B563E38D-61B7-456E-B8A5-C0640FED635A}.Debug|Any CPU.ActiveCfg = Debug|Any CPU
		{B563E38D-61B7-456E-B8A5-C0640FED635A}.Debug|Any CPU.Build.0 = Debug|Any CPU
		{B563E38D-61B7-456E-B8A5-C0640FED635A}.Release|Any CPU.ActiveCfg = Release|Any CPU
		{B563E38D-61B7-456E-B8A5-C0640FED635A}.Release|Any CPU.Build.0 = Release|Any CPU
	EndGlobalSection
	GlobalSection(SolutionProperties) = preSolution
		HideSolutionNode = FALSE
	EndGlobalSection
	GlobalSection(ExtensibilityGlobals) = postSolution
		SolutionGuid = {562BF1E8-69AD-4765-B6D0-CD06F585B5CA}
	EndGlobalSection
EndGlobal
