
Microsoft Visual Studio Solution File, Format Version 12.00
# Visual Studio Version 17
VisualStudioVersion = 17.11.35222.181
MinimumVisualStudioVersion = 10.0.40219.1
Project("{FAE04EC0-301F-11D3-BF4B-00C04F79EFBC}") = "StringToNumber", "StringToNumber\StringToNumber.csproj", "{B6D6DC1B-DC44-40E9-8289-962F53986483}"
EndProject
Global
	GlobalSection(SolutionConfigurationPlatforms) = preSolution
		Debug|Any CPU = Debug|Any CPU
		Release|Any CPU = Release|Any CPU
	EndGlobalSection
	GlobalSection(ProjectConfigurationPlatforms) = postSolution
		{B6D6DC1B-DC44-40E9-8289-962F53986483}.Debug|Any CPU.ActiveCfg = Debug|Any CPU
		{B6D6DC1B-DC44-40E9-8289-962F53986483}.Debug|Any CPU.Build.0 = Debug|Any CPU
		{B6D6DC1B-DC44-40E9-8289-962F53986483}.Release|Any CPU.ActiveCfg = Release|Any CPU
		{B6D6DC1B-DC44-40E9-8289-962F53986483}.Release|Any CPU.Build.0 = Release|Any CPU
	EndGlobalSection
	GlobalSection(SolutionProperties) = preSolution
		HideSolutionNode = FALSE
	EndGlobalSection
	GlobalSection(ExtensibilityGlobals) = postSolution
		SolutionGuid = {DC295E9F-E68B-4E80-A803-980864D36074}
	EndGlobalSection
EndGlobal
