
Microsoft Visual Studio Solution File, Format Version 12.00
# Visual Studio Version 17
VisualStudioVersion = 17.11.35222.181
MinimumVisualStudioVersion = 10.0.40219.1
Project("{FAE04EC0-301F-11D3-BF4B-00C04F79EFBC}") = "ForFun", "ForFun\ForFun.csproj", "{62BCB72E-981C-4AC0-A940-75F5AD6A9560}"
EndProject
Global
	GlobalSection(SolutionConfigurationPlatforms) = preSolution
		Debug|Any CPU = Debug|Any CPU
		Release|Any CPU = Release|Any CPU
	EndGlobalSection
	GlobalSection(ProjectConfigurationPlatforms) = postSolution
		{62BCB72E-981C-4AC0-A940-75F5AD6A9560}.Debug|Any CPU.ActiveCfg = Debug|Any CPU
		{62BCB72E-981C-4AC0-A940-75F5AD6A9560}.Debug|Any CPU.Build.0 = Debug|Any CPU
		{62BCB72E-981C-4AC0-A940-75F5AD6A9560}.Release|Any CPU.ActiveCfg = Release|Any CPU
		{62BCB72E-981C-4AC0-A940-75F5AD6A9560}.Release|Any CPU.Build.0 = Release|Any CPU
	EndGlobalSection
	GlobalSection(SolutionProperties) = preSolution
		HideSolutionNode = FALSE
	EndGlobalSection
	GlobalSection(ExtensibilityGlobals) = postSolution
		SolutionGuid = {F0F14C90-61B4-4440-8678-3BAF88E55086}
	EndGlobalSection
EndGlobal
